
Microsoft Visual Studio Solution File, Format Version 12.00
# Visual Studio 15
VisualStudioVersion = 15.0.27428.2037
MinimumVisualStudioVersion = 10.0.40219.1
Project("{FAE04EC0-301F-11D3-BF4B-00C04F79EFBC}") = "FightClub", "FightClub\FightClub.csproj", "{758D130A-ABA8-48D7-96B8-976E001A0409}"
EndProject
Global
	GlobalSection(SolutionConfigurationPlatforms) = preSolution
		Debug|Any CPU = Debug|Any CPU
		Release|Any CPU = Release|Any CPU
	EndGlobalSection
	GlobalSection(ProjectConfigurationPlatforms) = postSolution
		{758D130A-ABA8-48D7-96B8-976E001A0409}.Debug|Any CPU.ActiveCfg = Debug|Any CPU
		{758D130A-ABA8-48D7-96B8-976E001A0409}.Debug|Any CPU.Build.0 = Debug|Any CPU
		{758D130A-ABA8-48D7-96B8-976E001A0409}.Release|Any CPU.ActiveCfg = Release|Any CPU
		{758D130A-ABA8-48D7-96B8-976E001A0409}.Release|Any CPU.Build.0 = Release|Any CPU
	EndGlobalSection
	GlobalSection(SolutionProperties) = preSolution
		HideSolutionNode = FALSE
	EndGlobalSection
	GlobalSection(ExtensibilityGlobals) = postSolution
		SolutionGuid = {EB57A501-E2B8-4533-B03B-F4588E051DDC}
	EndGlobalSection
EndGlobal
